
Microsoft Visual Studio Solution File, Format Version 12.00
# Visual Studio Version 17
VisualStudioVersion = 17.0.31903.59
MinimumVisualStudioVersion = 10.0.40219.1
Project("{9A19103F-16F7-4668-BE54-9A1E7A4F7556}") = "SimpleAuthApi", "SimpleAuthApi\SimpleAuthApi.csproj", "{1A7A5A15-833A-47B3-86D5-1158CDA49BA2}"
EndProject
Project("{9A19103F-16F7-4668-BE54-9A1E7A4F7556}") = "SimpleAuthApi.Tests", "SimpleAuthApi\SimpleAuthApi.Tests\SimpleAuthApi.Tests.csproj", "{A85E9831-BAE9-42C1-BA28-24E190786243}"
EndProject
Project("{2150E333-8FDC-42A3-9474-1A3956D46DE8}") = "Éléments de solution", "Éléments de solution", "{2D844755-485C-4764-AE91-856D541C96F7}"
	ProjectSection(SolutionItems) = preProject
		.dockerignore = .dockerignore
		docker-compose.yml = docker-compose.yml
	EndProjectSection
EndProject
Global
	GlobalSection(SolutionConfigurationPlatforms) = preSolution
		Debug|Any CPU = Debug|Any CPU
		Release|Any CPU = Release|Any CPU
	EndGlobalSection
	GlobalSection(ProjectConfigurationPlatforms) = postSolution
		{1A7A5A15-833A-47B3-86D5-1158CDA49BA2}.Debug|Any CPU.ActiveCfg = Debug|Any CPU
		{1A7A5A15-833A-47B3-86D5-1158CDA49BA2}.Debug|Any CPU.Build.0 = Debug|Any CPU
		{1A7A5A15-833A-47B3-86D5-1158CDA49BA2}.Release|Any CPU.ActiveCfg = Release|Any CPU
		{1A7A5A15-833A-47B3-86D5-1158CDA49BA2}.Release|Any CPU.Build.0 = Release|Any CPU
		{A85E9831-BAE9-42C1-BA28-24E190786243}.Debug|Any CPU.ActiveCfg = Debug|Any CPU
		{A85E9831-BAE9-42C1-BA28-24E190786243}.Debug|Any CPU.Build.0 = Debug|Any CPU
		{A85E9831-BAE9-42C1-BA28-24E190786243}.Release|Any CPU.ActiveCfg = Release|Any CPU
		{A85E9831-BAE9-42C1-BA28-24E190786243}.Release|Any CPU.Build.0 = Release|Any CPU
	EndGlobalSection
	GlobalSection(SolutionProperties) = preSolution
		HideSolutionNode = FALSE
	EndGlobalSection
	GlobalSection(ExtensibilityGlobals) = postSolution
		SolutionGuid = {4BA78120-C09F-48C3-BB2D-55C09948A903}
	EndGlobalSection
EndGlobal
